<?xml version="1.0" encoding="utf-8"?>
<Project ToolsVersion="4.0" xmlns="http://schemas.microsoft.com/developer/msbuild/2003">
  <ItemGroup>
    <Filter Include="src"><UniqueIdentifier>{11111111-1111-1111-1111-111111111111}</UniqueIdentifier></Filter>
    <Filter Include="include"><UniqueIdentifier>{22222222-2222-2222-2222-222222222222}</UniqueIdentifier></Filter>
    <Filter Include="src\core"><UniqueIdentifier>{11111111-1111-1111-1111-111111111112}</UniqueIdentifier><Extensions>cpp;c;cc;cxx</Extensions></Filter>
    <Filter Include="include\core"><UniqueIdentifier>{22222222-2222-2222-2222-222222222221}</UniqueIdentifier><Extensions>h;hpp;hxx</Extensions></Filter>
  </ItemGroup>
  <ItemGroup>
    <ClCompile Include="src\trading\core\EventQueue.cpp">
      <Filter>src\core</Filter>
    </ClCompile>
    <ClInclude Include="include\trading\core\EventQueue.hpp">
      <Filter>include\core</Filter>
    </ClInclude>
  </ItemGroup>
</Project>
